
Microsoft Visual Studio Solution File, Format Version 12.00
# Visual Studio Version 16
VisualStudioVersion = 16.0.32802.440
MinimumVisualStudioVersion = 10.0.40219.1
Project("{FAE04EC0-301F-11D3-BF4B-00C04F79EFBC}") = "DessertsKoma_Customers", "DessertsKoma_Customers\DessertsKoma_Customers.csproj", "{6BAB9F6F-5926-4D8D-80EE-581BF95ED59A}"
EndProject
Global
	GlobalSection(SolutionConfigurationPlatforms) = preSolution
		Debug|Any CPU = Debug|Any CPU
		Release|Any CPU = Release|Any CPU
	EndGlobalSection
	GlobalSection(ProjectConfigurationPlatforms) = postSolution
		{6BAB9F6F-5926-4D8D-80EE-581BF95ED59A}.Debug|Any CPU.ActiveCfg = Debug|Any CPU
		{6BAB9F6F-5926-4D8D-80EE-581BF95ED59A}.Debug|Any CPU.Build.0 = Debug|Any CPU
		{6BAB9F6F-5926-4D8D-80EE-581BF95ED59A}.Release|Any CPU.ActiveCfg = Release|Any CPU
		{6BAB9F6F-5926-4D8D-80EE-581BF95ED59A}.Release|Any CPU.Build.0 = Release|Any CPU
	EndGlobalSection
	GlobalSection(SolutionProperties) = preSolution
		HideSolutionNode = FALSE
	EndGlobalSection
	GlobalSection(ExtensibilityGlobals) = postSolution
		SolutionGuid = {2A73465C-AAD3-447A-9C02-9905D8570AB8}
	EndGlobalSection
EndGlobal
